
Microsoft Visual Studio Solution File, Format Version 12.00
# Visual Studio 15
VisualStudioVersion = 15.0.27703.2042
MinimumVisualStudioVersion = 10.0.40219.1
Project("{FAE04EC0-301F-11D3-BF4B-00C04F79EFBC}") = "UnitTestEjemplosTDDBle", "UnitTestEjemplosTDDBle\UnitTestEjemplosTDDBle.csproj", "{552ED593-C665-4A3D-A4A8-823F9AA1263E}"
EndProject
Project("{FAE04EC0-301F-11D3-BF4B-00C04F79EFBC}") = "EjemplosTDDBle", "EjemplosTDDBle\EjemplosTDDBle.csproj", "{4C11FA4A-D1F3-4609-BCD5-0BEE6B02BEA4}"
EndProject
Global
	GlobalSection(SolutionConfigurationPlatforms) = preSolution
		Debug|Any CPU = Debug|Any CPU
		Release|Any CPU = Release|Any CPU
	EndGlobalSection
	GlobalSection(ProjectConfigurationPlatforms) = postSolution
		{552ED593-C665-4A3D-A4A8-823F9AA1263E}.Debug|Any CPU.ActiveCfg = Debug|Any CPU
		{552ED593-C665-4A3D-A4A8-823F9AA1263E}.Debug|Any CPU.Build.0 = Debug|Any CPU
		{552ED593-C665-4A3D-A4A8-823F9AA1263E}.Release|Any CPU.ActiveCfg = Release|Any CPU
		{552ED593-C665-4A3D-A4A8-823F9AA1263E}.Release|Any CPU.Build.0 = Release|Any CPU
		{4C11FA4A-D1F3-4609-BCD5-0BEE6B02BEA4}.Debug|Any CPU.ActiveCfg = Debug|Any CPU
		{4C11FA4A-D1F3-4609-BCD5-0BEE6B02BEA4}.Debug|Any CPU.Build.0 = Debug|Any CPU
		{4C11FA4A-D1F3-4609-BCD5-0BEE6B02BEA4}.Release|Any CPU.ActiveCfg = Release|Any CPU
		{4C11FA4A-D1F3-4609-BCD5-0BEE6B02BEA4}.Release|Any CPU.Build.0 = Release|Any CPU
	EndGlobalSection
	GlobalSection(SolutionProperties) = preSolution
		HideSolutionNode = FALSE
	EndGlobalSection
	GlobalSection(ExtensibilityGlobals) = postSolution
		SolutionGuid = {34330267-52DC-4D10-876A-7ECF03AAB175}
	EndGlobalSection
EndGlobal
